
Microsoft Visual Studio Solution File, Format Version 12.00
# Visual Studio Version 16
VisualStudioVersion = 16.0.29806.167
MinimumVisualStudioVersion = 10.0.40219.1
Project("{FAE04EC0-301F-11D3-BF4B-00C04F79EFBC}") = "14º Exercicio", "14º Exercicio.csproj", "{7E3F64A5-50B8-4D06-919D-F33368D3EC86}"
EndProject
Global
	GlobalSection(SolutionConfigurationPlatforms) = preSolution
		Debug|Any CPU = Debug|Any CPU
		Release|Any CPU = Release|Any CPU
	EndGlobalSection
	GlobalSection(ProjectConfigurationPlatforms) = postSolution
		{7E3F64A5-50B8-4D06-919D-F33368D3EC86}.Debug|Any CPU.ActiveCfg = Debug|Any CPU
		{7E3F64A5-50B8-4D06-919D-F33368D3EC86}.Debug|Any CPU.Build.0 = Debug|Any CPU
		{7E3F64A5-50B8-4D06-919D-F33368D3EC86}.Release|Any CPU.ActiveCfg = Release|Any CPU
		{7E3F64A5-50B8-4D06-919D-F33368D3EC86}.Release|Any CPU.Build.0 = Release|Any CPU
	EndGlobalSection
	GlobalSection(SolutionProperties) = preSolution
		HideSolutionNode = FALSE
	EndGlobalSection
	GlobalSection(ExtensibilityGlobals) = postSolution
		SolutionGuid = {27AEC852-1614-429E-869B-07A1B395A78E}
	EndGlobalSection
EndGlobal
