
Microsoft Visual Studio Solution File, Format Version 12.00
# Visual Studio Version 16
VisualStudioVersion = 16.0.30011.22
MinimumVisualStudioVersion = 10.0.40219.1
Project("{FAE04EC0-301F-11D3-BF4B-00C04F79EFBC}") = "L09E04-05", "L09E04-05.csproj", "{CC235960-1B9B-4580-AA7C-90C8962C6542}"
EndProject
Global
	GlobalSection(SolutionConfigurationPlatforms) = preSolution
		Debug|Any CPU = Debug|Any CPU
		Release|Any CPU = Release|Any CPU
	EndGlobalSection
	GlobalSection(ProjectConfigurationPlatforms) = postSolution
		{CC235960-1B9B-4580-AA7C-90C8962C6542}.Debug|Any CPU.ActiveCfg = Debug|Any CPU
		{CC235960-1B9B-4580-AA7C-90C8962C6542}.Debug|Any CPU.Build.0 = Debug|Any CPU
		{CC235960-1B9B-4580-AA7C-90C8962C6542}.Release|Any CPU.ActiveCfg = Release|Any CPU
		{CC235960-1B9B-4580-AA7C-90C8962C6542}.Release|Any CPU.Build.0 = Release|Any CPU
	EndGlobalSection
	GlobalSection(SolutionProperties) = preSolution
		HideSolutionNode = FALSE
	EndGlobalSection
	GlobalSection(ExtensibilityGlobals) = postSolution
		SolutionGuid = {38CAD335-12A7-4D49-AF1B-4D02AAC0BF4A}
	EndGlobalSection
EndGlobal
