
Microsoft Visual Studio Solution File, Format Version 12.00
# Visual Studio Version 16
VisualStudioVersion = 16.0.29806.167
MinimumVisualStudioVersion = 10.0.40219.1
Project("{FAE04EC0-301F-11D3-BF4B-00C04F79EFBC}") = "4º_Exercicio", "4º_Exercicio.csproj", "{5E6D4D3D-008C-4F79-AA3B-0A67CB8F6028}"
EndProject
Global
	GlobalSection(SolutionConfigurationPlatforms) = preSolution
		Debug|Any CPU = Debug|Any CPU
		Release|Any CPU = Release|Any CPU
	EndGlobalSection
	GlobalSection(ProjectConfigurationPlatforms) = postSolution
		{5E6D4D3D-008C-4F79-AA3B-0A67CB8F6028}.Debug|Any CPU.ActiveCfg = Debug|Any CPU
		{5E6D4D3D-008C-4F79-AA3B-0A67CB8F6028}.Debug|Any CPU.Build.0 = Debug|Any CPU
		{5E6D4D3D-008C-4F79-AA3B-0A67CB8F6028}.Release|Any CPU.ActiveCfg = Release|Any CPU
		{5E6D4D3D-008C-4F79-AA3B-0A67CB8F6028}.Release|Any CPU.Build.0 = Release|Any CPU
	EndGlobalSection
	GlobalSection(SolutionProperties) = preSolution
		HideSolutionNode = FALSE
	EndGlobalSection
	GlobalSection(ExtensibilityGlobals) = postSolution
		SolutionGuid = {862C27AE-31C0-4BFC-B8CF-26F3EBA6266B}
	EndGlobalSection
EndGlobal
