
Microsoft Visual Studio Solution File, Format Version 12.00
# Visual Studio Version 16
VisualStudioVersion = 16.0.30011.22
MinimumVisualStudioVersion = 10.0.40219.1
Project("{FAE04EC0-301F-11D3-BF4B-00C04F79EFBC}") = "ProvaD3_Exercicio02", "ProvaD3_Exercicio02.csproj", "{3B134FF7-3987-44F5-B205-346B8AE102BB}"
EndProject
Global
	GlobalSection(SolutionConfigurationPlatforms) = preSolution
		Debug|Any CPU = Debug|Any CPU
		Release|Any CPU = Release|Any CPU
	EndGlobalSection
	GlobalSection(ProjectConfigurationPlatforms) = postSolution
		{3B134FF7-3987-44F5-B205-346B8AE102BB}.Debug|Any CPU.ActiveCfg = Debug|Any CPU
		{3B134FF7-3987-44F5-B205-346B8AE102BB}.Debug|Any CPU.Build.0 = Debug|Any CPU
		{3B134FF7-3987-44F5-B205-346B8AE102BB}.Release|Any CPU.ActiveCfg = Release|Any CPU
		{3B134FF7-3987-44F5-B205-346B8AE102BB}.Release|Any CPU.Build.0 = Release|Any CPU
	EndGlobalSection
	GlobalSection(SolutionProperties) = preSolution
		HideSolutionNode = FALSE
	EndGlobalSection
	GlobalSection(ExtensibilityGlobals) = postSolution
		SolutionGuid = {794BF849-06F5-44C2-B937-7370B0E7FEAB}
	EndGlobalSection
EndGlobal
