
Microsoft Visual Studio Solution File, Format Version 12.00
# Visual Studio Version 16
VisualStudioVersion = 16.0.30011.22
MinimumVisualStudioVersion = 10.0.40219.1
Project("{FAE04EC0-301F-11D3-BF4B-00C04F79EFBC}") = "Fundamentos_L03E02", "Fundamentos_L03E02.csproj", "{C7D56582-C297-4F4E-AA85-E41318AE4726}"
EndProject
Global
	GlobalSection(SolutionConfigurationPlatforms) = preSolution
		Debug|Any CPU = Debug|Any CPU
		Release|Any CPU = Release|Any CPU
	EndGlobalSection
	GlobalSection(ProjectConfigurationPlatforms) = postSolution
		{C7D56582-C297-4F4E-AA85-E41318AE4726}.Debug|Any CPU.ActiveCfg = Debug|Any CPU
		{C7D56582-C297-4F4E-AA85-E41318AE4726}.Debug|Any CPU.Build.0 = Debug|Any CPU
		{C7D56582-C297-4F4E-AA85-E41318AE4726}.Release|Any CPU.ActiveCfg = Release|Any CPU
		{C7D56582-C297-4F4E-AA85-E41318AE4726}.Release|Any CPU.Build.0 = Release|Any CPU
	EndGlobalSection
	GlobalSection(SolutionProperties) = preSolution
		HideSolutionNode = FALSE
	EndGlobalSection
	GlobalSection(ExtensibilityGlobals) = postSolution
		SolutionGuid = {5B2DB5CA-1FEB-4225-8077-D71561CD339A}
	EndGlobalSection
EndGlobal
