
Microsoft Visual Studio Solution File, Format Version 12.00
# Visual Studio Version 16
VisualStudioVersion = 16.0.29806.167
MinimumVisualStudioVersion = 10.0.40219.1
Project("{FAE04EC0-301F-11D3-BF4B-00C04F79EFBC}") = "13º_Exercicio", "13º_Exercicio.csproj", "{DD374061-EF94-4D43-AD68-089B1F772A38}"
EndProject
Global
	GlobalSection(SolutionConfigurationPlatforms) = preSolution
		Debug|Any CPU = Debug|Any CPU
		Release|Any CPU = Release|Any CPU
	EndGlobalSection
	GlobalSection(ProjectConfigurationPlatforms) = postSolution
		{DD374061-EF94-4D43-AD68-089B1F772A38}.Debug|Any CPU.ActiveCfg = Debug|Any CPU
		{DD374061-EF94-4D43-AD68-089B1F772A38}.Debug|Any CPU.Build.0 = Debug|Any CPU
		{DD374061-EF94-4D43-AD68-089B1F772A38}.Release|Any CPU.ActiveCfg = Release|Any CPU
		{DD374061-EF94-4D43-AD68-089B1F772A38}.Release|Any CPU.Build.0 = Release|Any CPU
	EndGlobalSection
	GlobalSection(SolutionProperties) = preSolution
		HideSolutionNode = FALSE
	EndGlobalSection
	GlobalSection(ExtensibilityGlobals) = postSolution
		SolutionGuid = {DBBFA5FB-6EFC-4A19-9902-09B7F0FB3BE9}
	EndGlobalSection
EndGlobal
