
Microsoft Visual Studio Solution File, Format Version 12.00
# Visual Studio Version 16
VisualStudioVersion = 16.0.30011.22
MinimumVisualStudioVersion = 10.0.40219.1
Project("{FAE04EC0-301F-11D3-BF4B-00C04F79EFBC}") = "ProvaD2_Exercicio01", "ProvaD2_Exercicio01.csproj", "{1D681855-2C58-42D8-9661-FE7691C74FE3}"
EndProject
Global
	GlobalSection(SolutionConfigurationPlatforms) = preSolution
		Debug|Any CPU = Debug|Any CPU
		Release|Any CPU = Release|Any CPU
	EndGlobalSection
	GlobalSection(ProjectConfigurationPlatforms) = postSolution
		{1D681855-2C58-42D8-9661-FE7691C74FE3}.Debug|Any CPU.ActiveCfg = Debug|Any CPU
		{1D681855-2C58-42D8-9661-FE7691C74FE3}.Debug|Any CPU.Build.0 = Debug|Any CPU
		{1D681855-2C58-42D8-9661-FE7691C74FE3}.Release|Any CPU.ActiveCfg = Release|Any CPU
		{1D681855-2C58-42D8-9661-FE7691C74FE3}.Release|Any CPU.Build.0 = Release|Any CPU
	EndGlobalSection
	GlobalSection(SolutionProperties) = preSolution
		HideSolutionNode = FALSE
	EndGlobalSection
	GlobalSection(ExtensibilityGlobals) = postSolution
		SolutionGuid = {6B479556-2641-4B82-BE63-E61ED116B2BA}
	EndGlobalSection
EndGlobal
