
Microsoft Visual Studio Solution File, Format Version 12.00
# Visual Studio Version 16
VisualStudioVersion = 16.0.30011.22
MinimumVisualStudioVersion = 10.0.40219.1
Project("{FAE04EC0-301F-11D3-BF4B-00C04F79EFBC}") = "ConsoleApp5", "ConsoleApp5.csproj", "{F661499C-F422-4EA6-B25D-AEA6622CFA9E}"
EndProject
Global
	GlobalSection(SolutionConfigurationPlatforms) = preSolution
		Debug|Any CPU = Debug|Any CPU
		Release|Any CPU = Release|Any CPU
	EndGlobalSection
	GlobalSection(ProjectConfigurationPlatforms) = postSolution
		{F661499C-F422-4EA6-B25D-AEA6622CFA9E}.Debug|Any CPU.ActiveCfg = Debug|Any CPU
		{F661499C-F422-4EA6-B25D-AEA6622CFA9E}.Debug|Any CPU.Build.0 = Debug|Any CPU
		{F661499C-F422-4EA6-B25D-AEA6622CFA9E}.Release|Any CPU.ActiveCfg = Release|Any CPU
		{F661499C-F422-4EA6-B25D-AEA6622CFA9E}.Release|Any CPU.Build.0 = Release|Any CPU
	EndGlobalSection
	GlobalSection(SolutionProperties) = preSolution
		HideSolutionNode = FALSE
	EndGlobalSection
	GlobalSection(ExtensibilityGlobals) = postSolution
		SolutionGuid = {9E394C62-9FFC-4FBB-B1AB-9DFAD2E38C23}
	EndGlobalSection
EndGlobal
